// !$*UTF8*$!
{
	archiveVersion = 1;
	classes = {
	};
	objectVersion = 55;
	objects = {

/* Begin PBXBuildFile section */
		E9502FB0285B66C200008E84 /* DB.swift in Sources */ = {isa = PBXBuildFile; fileRef = E9502FAF285B66C200008E84 /* DB.swift */; };
		E9E290B528523CD30092C7DD /* FindRec_chloehineApp.swift in Sources */ = {isa = PBXBuildFile; fileRef = E9E290B428523CD30092C7DD /* FindRec_chloehineApp.swift */; };
		E9E290B728523CD30092C7DD /* ContentView.swift in Sources */ = {isa = PBXBuildFile; fileRef = E9E290B628523CD30092C7DD /* ContentView.swift */; };
		E9E290B928523CD70092C7DD /* Assets.xcassets in Resources */ = {isa = PBXBuildFile; fileRef = E9E290B828523CD70092C7DD /* Assets.xcassets */; };
		E9E290BC28523CD70092C7DD /* Preview Assets.xcassets in Resources */ = {isa = PBXBuildFile; fileRef = E9E290BB28523CD70092C7DD /* Preview Assets.xcassets */; };
		E9E290C628523CD70092C7DD /* FindRec_chloehineTests.swift in Sources */ = {isa = PBXBuildFile; fileRef = E9E290C528523CD70092C7DD /* FindRec_chloehineTests.swift */; };
		E9E290D028523CD70092C7DD /* FindRec_chloehineUITests.swift in Sources */ = {isa = PBXBuildFile; fileRef = E9E290CF28523CD70092C7DD /* FindRec_chloehineUITests.swift */; };
		E9E290D228523CD70092C7DD /* FindRec_chloehineUITestsLaunchTests.swift in Sources */ = {isa = PBXBuildFile; fileRef = E9E290D128523CD70092C7DD /* FindRec_chloehineUITestsLaunchTests.swift */; };
/* End PBXBuildFile section */

/* Begin PBXContainerItemProxy section */
		E9E290C228523CD70092C7DD /* PBXContainerItemProxy */ = {
			isa = PBXContainerItemProxy;
			containerPortal = E9E290A928523CD30092C7DD /* Project object */;
			proxyType = 1;
			remoteGlobalIDString = E9E290B028523CD30092C7DD;
			remoteInfo = "FindRec-chloehine";
		};
		E9E290CC28523CD70092C7DD /* PBXContainerItemProxy */ = {
			isa = PBXContainerItemProxy;
			containerPortal = E9E290A928523CD30092C7DD /* Project object */;
			proxyType = 1;
			remoteGlobalIDString = E9E290B028523CD30092C7DD;
			remoteInfo = "FindRec-chloehine";
		};
/* End PBXContainerItemProxy section */

/* Begin PBXFileReference section */
		E9502FAF285B66C200008E84 /* DB.swift */ = {isa = PBXFileReference; lastKnownFileType = sourcecode.swift; path = DB.swift; sourceTree = "<group>"; };
		E9E290B128523CD30092C7DD /* FindRec-chloehine.app */ = {isa = PBXFileReference; explicitFileType = wrapper.application; includeInIndex = 0; path = "FindRec-chloehine.app"; sourceTree = BUILT_PRODUCTS_DIR; };
		E9E290B428523CD30092C7DD /* FindRec_chloehineApp.swift */ = {isa = PBXFileReference; lastKnownFileType = sourcecode.swift; path = FindRec_chloehineApp.swift; sourceTree = "<group>"; };
		E9E290B628523CD30092C7DD /* ContentView.swift */ = {isa = PBXFileReference; lastKnownFileType = sourcecode.swift; path = ContentView.swift; sourceTree = "<group>"; };
		E9E290B828523CD70092C7DD /* Assets.xcassets */ = {isa = PBXFileReference; lastKnownFileType = folder.assetcatalog; path = Assets.xcassets; sourceTree = "<group>"; };
		E9E290BB28523CD70092C7DD /* Preview Assets.xcassets */ = {isa = PBXFileReference; lastKnownFileType = folder.assetcatalog; path = "Preview Assets.xcassets"; sourceTree = "<group>"; };
		E9E290C128523CD70092C7DD /* FindRec-chloehineTests.xctest */ = {isa = PBXFileReference; explicitFileType = wrapper.cfbundle; includeInIndex = 0; path = "FindRec-chloehineTests.xctest"; sourceTree = BUILT_PRODUCTS_DIR; };
		E9E290C528523CD70092C7DD /* FindRec_chloehineTests.swift */ = {isa = PBXFileReference; lastKnownFileType = sourcecode.swift; path = FindRec_chloehineTests.swift; sourceTree = "<group>"; };
		E9E290CB28523CD70092C7DD /* FindRec-chloehineUITests.xctest */ = {isa = PBXFileReference; explicitFileType = wrapper.cfbundle; includeInIndex = 0; path = "FindRec-chloehineUITests.xctest"; sourceTree = BUILT_PRODUCTS_DIR; };
		E9E290CF28523CD70092C7DD /* FindRec_chloehineUITests.swift */ = {isa = PBXFileReference; lastKnownFileType = sourcecode.swift; path = FindRec_chloehineUITests.swift; sourceTree = "<group>"; };
		E9E290D128523CD70092C7DD /* FindRec_chloehineUITestsLaunchTests.swift */ = {isa = PBXFileReference; lastKnownFileType = sourcecode.swift; path = FindRec_chloehineUITestsLaunchTests.swift; sourceTree = "<group>"; };
/* End PBXFileReference section */

/* Begin PBXFrameworksBuildPhase section */
		E9E290AE28523CD30092C7DD /* Frameworks */ = {
			isa = PBXFrameworksBuildPhase;
			buildActionMask = 2147483647;
			files = (
			);
			runOnlyForDeploymentPostprocessing = 0;
		};
		E9E290BE28523CD70092C7DD /* Frameworks */ = {
			isa = PBXFrameworksBuildPhase;
			buildActionMask = 2147483647;
			files = (
			);
			runOnlyForDeploymentPostprocessing = 0;
		};
		E9E290C828523CD70092C7DD /* Frameworks */ = {
			isa = PBXFrameworksBuildPhase;
			buildActionMask = 2147483647;
			files = (
			);
			runOnlyForDeploymentPostprocessing = 0;
		};
/* End PBXFrameworksBuildPhase section */

/* Begin PBXGroup section */
		E9E290A828523CD30092C7DD = {
			isa = PBXGroup;
			children = (
				E9E290B328523CD30092C7DD /* FindRec-chloehine */,
				E9E290C428523CD70092C7DD /* FindRec-chloehineTests */,
				E9E290CE28523CD70092C7DD /* FindRec-chloehineUITests */,
				E9E290B228523CD30092C7DD /* Products */,
			);
			sourceTree = "<group>";
		};
		E9E290B228523CD30092C7DD /* Products */ = {
			isa = PBXGroup;
			children = (
				E9E290B128523CD30092C7DD /* FindRec-chloehine.app */,
				E9E290C128523CD70092C7DD /* FindRec-chloehineTests.xctest */,
				E9E290CB28523CD70092C7DD /* FindRec-chloehineUITests.xctest */,
			);
			name = Products;
			sourceTree = "<group>";
		};
		E9E290B328523CD30092C7DD /* FindRec-chloehine */ = {
			isa = PBXGroup;
			children = (
				E9E290B428523CD30092C7DD /* FindRec_chloehineApp.swift */,
				E9502FAF285B66C200008E84 /* DB.swift */,
				E9E290B628523CD30092C7DD /* ContentView.swift */,
				E9E290B828523CD70092C7DD /* Assets.xcassets */,
				E9E290BA28523CD70092C7DD /* Preview Content */,
			);
			path = "FindRec-chloehine";
			sourceTree = "<group>";
		};
		E9E290BA28523CD70092C7DD /* Preview Content */ = {
			isa = PBXGroup;
			children = (
				E9E290BB28523CD70092C7DD /* Preview Assets.xcassets */,
			);
			path = "Preview Content";
			sourceTree = "<group>";
		};
		E9E290C428523CD70092C7DD /* FindRec-chloehineTests */ = {
			isa = PBXGroup;
			children = (
				E9E290C528523CD70092C7DD /* FindRec_chloehineTests.swift */,
			);
			path = "FindRec-chloehineTests";
			sourceTree = "<group>";
		};
		E9E290CE28523CD70092C7DD /* FindRec-chloehineUITests */ = {
			isa = PBXGroup;
			children = (
				E9E290CF28523CD70092C7DD /* FindRec_chloehineUITests.swift */,
				E9E290D128523CD70092C7DD /* FindRec_chloehineUITestsLaunchTests.swift */,
			);
			path = "FindRec-chloehineUITests";
			sourceTree = "<group>";
		};
/* End PBXGroup section */

/* Begin PBXNativeTarget section */
		E9E290B028523CD30092C7DD /* FindRec-chloehine */ = {
			isa = PBXNativeTarget;
			buildConfigurationList = E9E290D528523CD70092C7DD /* Build configuration list for PBXNativeTarget "FindRec-chloehine" */;
			buildPhases = (
				E9E290AD28523CD30092C7DD /* Sources */,
				E9E290AE28523CD30092C7DD /* Frameworks */,
				E9E290AF28523CD30092C7DD /* Resources */,
			);
			buildRules = (
			);
			dependencies = (
			);
			name = "FindRec-chloehine";
			productName = "FindRec-chloehine";
			productReference = E9E290B128523CD30092C7DD /* FindRec-chloehine.app */;
			productType = "com.apple.product-type.application";
		};
		E9E290C028523CD70092C7DD /* FindRec-chloehineTests */ = {
			isa = PBXNativeTarget;
			buildConfigurationList = E9E290D828523CD70092C7DD /* Build configuration list for PBXNativeTarget "FindRec-chloehineTests" */;
			buildPhases = (
				E9E290BD28523CD70092C7DD /* Sources */,
				E9E290BE28523CD70092C7DD /* Frameworks */,
				E9E290BF28523CD70092C7DD /* Resources */,
			);
			buildRules = (
			);
			dependencies = (
				E9E290C328523CD70092C7DD /* PBXTargetDependency */,
			);
			name = "FindRec-chloehineTests";
			productName = "FindRec-chloehineTests";
			productReference = E9E290C128523CD70092C7DD /* FindRec-chloehineTests.xctest */;
			productType = "com.apple.product-type.bundle.unit-test";
		};
		E9E290CA28523CD70092C7DD /* FindRec-chloehineUITests */ = {
			isa = PBXNativeTarget;
			buildConfigurationList = E9E290DB28523CD70092C7DD /* Build configuration list for PBXNativeTarget "FindRec-chloehineUITests" */;
			buildPhases = (
				E9E290C728523CD70092C7DD /* Sources */,
				E9E290C828523CD70092C7DD /* Frameworks */,
				E9E290C928523CD70092C7DD /* Resources */,
			);
			buildRules = (
			);
			dependencies = (
				E9E290CD28523CD70092C7DD /* PBXTargetDependency */,
			);
			name = "FindRec-chloehineUITests";
			productName = "FindRec-chloehineUITests";
			productReference = E9E290CB28523CD70092C7DD /* FindRec-chloehineUITests.xctest */;
			productType = "com.apple.product-type.bundle.ui-testing";
		};
/* End PBXNativeTarget section */

/* Begin PBXProject section */
		E9E290A928523CD30092C7DD /* Project object */ = {
			isa = PBXProject;
			attributes = {
				BuildIndependentTargetsInParallel = 1;
				LastSwiftUpdateCheck = 1330;
				LastUpgradeCheck = 1330;
				TargetAttributes = {
					E9E290B028523CD30092C7DD = {
						CreatedOnToolsVersion = 13.3.1;
					};
					E9E290C028523CD70092C7DD = {
						CreatedOnToolsVersion = 13.3.1;
						TestTargetID = E9E290B028523CD30092C7DD;
					};
					E9E290CA28523CD70092C7DD = {
						CreatedOnToolsVersion = 13.3.1;
						TestTargetID = E9E290B028523CD30092C7DD;
					};
				};
			};
			buildConfigurationList = E9E290AC28523CD30092C7DD /* Build configuration list for PBXProject "FindRec-chloehine" */;
			compatibilityVersion = "Xcode 13.0";
			developmentRegion = en;
			hasScannedForEncodings = 0;
			knownRegions = (
				en,
				Base,
			);
			mainGroup = E9E290A828523CD30092C7DD;
			productRefGroup = E9E290B228523CD30092C7DD /* Products */;
			projectDirPath = "";
			projectRoot = "";
			targets = (
				E9E290B028523CD30092C7DD /* FindRec-chloehine */,
				E9E290C028523CD70092C7DD /* FindRec-chloehineTests */,
				E9E290CA28523CD70092C7DD /* FindRec-chloehineUITests */,
			);
		};
/* End PBXProject section */

/* Begin PBXResourcesBuildPhase section */
		E9E290AF28523CD30092C7DD /* Resources */ = {
			isa = PBXResourcesBuildPhase;
			buildActionMask = 2147483647;
			files = (
				E9E290BC28523CD70092C7DD /* Preview Assets.xcassets in Resources */,
				E9E290B928523CD70092C7DD /* Assets.xcassets in Resources */,
			);
			runOnlyForDeploymentPostprocessing = 0;
		};
		E9E290BF28523CD70092C7DD /* Resources */ = {
			isa = PBXResourcesBuildPhase;
			buildActionMask = 2147483647;
			files = (
			);
			runOnlyForDeploymentPostprocessing = 0;
		};
		E9E290C928523CD70092C7DD /* Resources */ = {
			isa = PBXResourcesBuildPhase;
			buildActionMask = 2147483647;
			files = (
			);
			runOnlyForDeploymentPostprocessing = 0;
		};
/* End PBXResourcesBuildPhase section */

/* Begin PBXSourcesBuildPhase section */
		E9E290AD28523CD30092C7DD /* Sources */ = {
			isa = PBXSourcesBuildPhase;
			buildActionMask = 2147483647;
			files = (
				E9E290B728523CD30092C7DD /* ContentView.swift in Sources */,
				E9502FB0285B66C200008E84 /* DB.swift in Sources */,
				E9E290B528523CD30092C7DD /* FindRec_chloehineApp.swift in Sources */,
			);
			runOnlyForDeploymentPostprocessing = 0;
		};
		E9E290BD28523CD70092C7DD /* Sources */ = {
			isa = PBXSourcesBuildPhase;
			buildActionMask = 2147483647;
			files = (
				E9E290C628523CD70092C7DD /* FindRec_chloehineTests.swift in Sources */,
			);
			runOnlyForDeploymentPostprocessing = 0;
		};
		E9E290C728523CD70092C7DD /* Sources */ = {
			isa = PBXSourcesBuildPhase;
			buildActionMask = 2147483647;
			files = (
				E9E290D228523CD70092C7DD /* FindRec_chloehineUITestsLaunchTests.swift in Sources */,
				E9E290D028523CD70092C7DD /* FindRec_chloehineUITests.swift in Sources */,
			);
			runOnlyForDeploymentPostprocessing = 0;
		};
/* End PBXSourcesBuildPhase section */

/* Begin PBXTargetDependency section */
		E9E290C328523CD70092C7DD /* PBXTargetDependency */ = {
			isa = PBXTargetDependency;
			target = E9E290B028523CD30092C7DD /* FindRec-chloehine */;
			targetProxy = E9E290C228523CD70092C7DD /* PBXContainerItemProxy */;
		};
		E9E290CD28523CD70092C7DD /* PBXTargetDependency */ = {
			isa = PBXTargetDependency;
			target = E9E290B028523CD30092C7DD /* FindRec-chloehine */;
			targetProxy = E9E290CC28523CD70092C7DD /* PBXContainerItemProxy */;
		};
/* End PBXTargetDependency section */

/* Begin XCBuildConfiguration section */
		E9E290D328523CD70092C7DD /* Debug */ = {
			isa = XCBuildConfiguration;
			buildSettings = {
				ALWAYS_SEARCH_USER_PATHS = NO;
				CLANG_ANALYZER_NONNULL = YES;
				CLANG_ANALYZER_NUMBER_OBJECT_CONVERSION = YES_AGGRESSIVE;
				CLANG_CXX_LANGUAGE_STANDARD = "gnu++17";
				CLANG_ENABLE_MODULES = YES;
				CLANG_ENABLE_OBJC_ARC = YES;
				CLANG_ENABLE_OBJC_WEAK = YES;
				CLANG_WARN_BLOCK_CAPTURE_AUTORELEASING = YES;
				CLANG_WARN_BOOL_CONVERSION = YES;
				CLANG_WARN_COMMA = YES;
				CLANG_WARN_CONSTANT_CONVERSION = YES;
				CLANG_WARN_DEPRECATED_OBJC_IMPLEMENTATIONS = YES;
				CLANG_WARN_DIRECT_OBJC_ISA_USAGE = YES_ERROR;
				CLANG_WARN_DOCUMENTATION_COMMENTS = YES;
				CLANG_WARN_EMPTY_BODY = YES;
				CLANG_WARN_ENUM_CONVERSION = YES;
				CLANG_WARN_INFINITE_RECURSION = YES;
				CLANG_WARN_INT_CONVERSION = YES;
				CLANG_WARN_NON_LITERAL_NULL_CONVERSION = YES;
				CLANG_WARN_OBJC_IMPLICIT_RETAIN_SELF = YES;
				CLANG_WARN_OBJC_LITERAL_CONVERSION = YES;
				CLANG_WARN_OBJC_ROOT_CLASS = YES_ERROR;
				CLANG_WARN_QUOTED_INCLUDE_IN_FRAMEWORK_HEADER = YES;
				CLANG_WARN_RANGE_LOOP_ANALYSIS = YES;
				CLANG_WARN_STRICT_PROTOTYPES = YES;
				CLANG_WARN_SUSPICIOUS_MOVE = YES;
				CLANG_WARN_UNGUARDED_AVAILABILITY = YES_AGGRESSIVE;
				CLANG_WARN_UNREACHABLE_CODE = YES;
				CLANG_WARN__DUPLICATE_METHOD_MATCH = YES;
				COPY_PHASE_STRIP = NO;
				DEBUG_INFORMATION_FORMAT = dwarf;
				ENABLE_STRICT_OBJC_MSGSEND = YES;
				ENABLE_TESTABILITY = YES;
				GCC_C_LANGUAGE_STANDARD = gnu11;
				GCC_DYNAMIC_NO_PIC = NO;
				GCC_NO_COMMON_BLOCKS = YES;
				GCC_OPTIMIZATION_LEVEL = 0;
				GCC_PREPROCESSOR_DEFINITIONS = (
					"DEBUG=1",
					"$(inherited)",
				);
				GCC_WARN_64_TO_32_BIT_CONVERSION = YES;
				GCC_WARN_ABOUT_RETURN_TYPE = YES_ERROR;
				GCC_WARN_UNDECLARED_SELECTOR = YES;
				GCC_WARN_UNINITIALIZED_AUTOS = YES_AGGRESSIVE;
				GCC_WARN_UNUSED_FUNCTION = YES;
				GCC_WARN_UNUSED_VARIABLE = YES;
				IPHONEOS_DEPLOYMENT_TARGET = 15.4;
				MTL_ENABLE_DEBUG_INFO = INCLUDE_SOURCE;
				MTL_FAST_MATH = YES;
				ONLY_ACTIVE_ARCH = YES;
				SDKROOT = iphoneos;
				SWIFT_ACTIVE_COMPILATION_CONDITIONS = DEBUG;
				SWIFT_OPTIMIZATION_LEVEL = "-Onone";
			};
			name = Debug;
		};
		E9E290D428523CD70092C7DD /* Release */ = {
			isa = XCBuildConfiguration;
			buildSettings = {
				ALWAYS_SEARCH_USER_PATHS = NO;
				CLANG_ANALYZER_NONNULL = YES;
				CLANG_ANALYZER_NUMBER_OBJECT_CONVERSION = YES_AGGRESSIVE;
				CLANG_CXX_LANGUAGE_STANDARD = "gnu++17";
				CLANG_ENABLE_MODULES = YES;
				CLANG_ENABLE_OBJC_ARC = YES;
				CLANG_ENABLE_OBJC_WEAK = YES;
				CLANG_WARN_BLOCK_CAPTURE_AUTORELEASING = YES;
				CLANG_WARN_BOOL_CONVERSION = YES;
				CLANG_WARN_COMMA = YES;
				CLANG_WARN_CONSTANT_CONVERSION = YES;
				CLANG_WARN_DEPRECATED_OBJC_IMPLEMENTATIONS = YES;
				CLANG_WARN_DIRECT_OBJC_ISA_USAGE = YES_ERROR;
				CLANG_WARN_DOCUMENTATION_COMMENTS = YES;
				CLANG_WARN_EMPTY_BODY = YES;
				CLANG_WARN_ENUM_CONVERSION = YES;
				CLANG_WARN_INFINITE_RECURSION = YES;
				CLANG_WARN_INT_CONVERSION = YES;
				CLANG_WARN_NON_LITERAL_NULL_CONVERSION = YES;
				CLANG_WARN_OBJC_IMPLICIT_RETAIN_SELF = YES;
				CLANG_WARN_OBJC_LITERAL_CONVERSION = YES;
				CLANG_WARN_OBJC_ROOT_CLASS = YES_ERROR;
				CLANG_WARN_QUOTED_INCLUDE_IN_FRAMEWORK_HEADER = YES;
				CLANG_WARN_RANGE_LOOP_ANALYSIS = YES;
				CLANG_WARN_STRICT_PROTOTYPES = YES;
				CLANG_WARN_SUSPICIOUS_MOVE = YES;
				CLANG_WARN_UNGUARDED_AVAILABILITY = YES_AGGRESSIVE;
				CLANG_WARN_UNREACHABLE_CODE = YES;
				CLANG_WARN__DUPLICATE_METHOD_MATCH = YES;
				COPY_PHASE_STRIP = NO;
				DEBUG_INFORMATION_FORMAT = "dwarf-with-dsym";
				ENABLE_NS_ASSERTIONS = NO;
				ENABLE_STRICT_OBJC_MSGSEND = YES;
				GCC_C_LANGUAGE_STANDARD = gnu11;
				GCC_NO_COMMON_BLOCKS = YES;
				GCC_WARN_64_TO_32_BIT_CONVERSION = YES;
				GCC_WARN_ABOUT_RETURN_TYPE = YES_ERROR;
				GCC_WARN_UNDECLARED_SELECTOR = YES;
				GCC_WARN_UNINITIALIZED_AUTOS = YES_AGGRESSIVE;
				GCC_WARN_UNUSED_FUNCTION = YES;
				GCC_WARN_UNUSED_VARIABLE = YES;
				IPHONEOS_DEPLOYMENT_TARGET = 15.4;
				MTL_ENABLE_DEBUG_INFO = NO;
				MTL_FAST_MATH = YES;
				SDKROOT = iphoneos;
				SWIFT_COMPILATION_MODE = wholemodule;
				SWIFT_OPTIMIZATION_LEVEL = "-O";
				VALIDATE_PRODUCT = YES;
			};
			name = Release;
		};
		E9E290D628523CD70092C7DD /* Debug */ = {
			isa = XCBuildConfiguration;
			buildSettings = {
				ASSETCATALOG_COMPILER_APPICON_NAME = AppIcon;
				ASSETCATALOG_COMPILER_GLOBAL_ACCENT_COLOR_NAME = AccentColor;
				CODE_SIGN_STYLE = Automatic;
				CURRENT_PROJECT_VERSION = 1;
				DEVELOPMENT_ASSET_PATHS = "\"FindRec-chloehine/Preview Content\"";
				DEVELOPMENT_TEAM = 4W5FPBS44Y;
				ENABLE_PREVIEWS = YES;
				GENERATE_INFOPLIST_FILE = YES;
				INFOPLIST_KEY_UIApplicationSceneManifest_Generation = YES;
				INFOPLIST_KEY_UIApplicationSupportsIndirectInputEvents = YES;
				INFOPLIST_KEY_UILaunchScreen_Generation = YES;
				INFOPLIST_KEY_UISupportedInterfaceOrientations_iPad = "UIInterfaceOrientationPortrait UIInterfaceOrientationPortraitUpsideDown UIInterfaceOrientationLandscapeLeft UIInterfaceOrientationLandscapeRight";
				INFOPLIST_KEY_UISupportedInterfaceOrientations_iPhone = "UIInterfaceOrientationPortrait UIInterfaceOrientationLandscapeLeft UIInterfaceOrientationLandscapeRight";
				LD_RUNPATH_SEARCH_PATHS = (
					"$(inherited)",
					"@executable_path/Frameworks",
				);
				MARKETING_VERSION = 1.0;
				PRODUCT_BUNDLE_IDENTIFIER = "epitech.FindRec-chloehine";
				PRODUCT_NAME = "$(TARGET_NAME)";
				SWIFT_EMIT_LOC_STRINGS = YES;
				SWIFT_VERSION = 5.0;
				TARGETED_DEVICE_FAMILY = "1,2";
			};
			name = Debug;
		};
		E9E290D728523CD70092C7DD /* Release */ = {
			isa = XCBuildConfiguration;
			buildSettings = {
				ASSETCATALOG_COMPILER_APPICON_NAME = AppIcon;
				ASSETCATALOG_COMPILER_GLOBAL_ACCENT_COLOR_NAME = AccentColor;
				CODE_SIGN_STYLE = Automatic;
				CURRENT_PROJECT_VERSION = 1;
				DEVELOPMENT_ASSET_PATHS = "\"FindRec-chloehine/Preview Content\"";
				DEVELOPMENT_TEAM = 4W5FPBS44Y;
				ENABLE_PREVIEWS = YES;
				GENERATE_INFOPLIST_FILE = YES;
				INFOPLIST_KEY_UIApplicationSceneManifest_Generation = YES;
				INFOPLIST_KEY_UIApplicationSupportsIndirectInputEvents = YES;
				INFOPLIST_KEY_UILaunchScreen_Generation = YES;
				INFOPLIST_KEY_UISupportedInterfaceOrientations_iPad = "UIInterfaceOrientationPortrait UIInterfaceOrientationPortraitUpsideDown UIInterfaceOrientationLandscapeLeft UIInterfaceOrientationLandscapeRight";
				INFOPLIST_KEY_UISupportedInterfaceOrientations_iPhone = "UIInterfaceOrientationPortrait UIInterfaceOrientationLandscapeLeft UIInterfaceOrientationLandscapeRight";
				LD_RUNPATH_SEARCH_PATHS = (
					"$(inherited)",
					"@executable_path/Frameworks",
				);
				MARKETING_VERSION = 1.0;
				PRODUCT_BUNDLE_IDENTIFIER = "epitech.FindRec-chloehine";
				PRODUCT_NAME = "$(TARGET_NAME)";
				SWIFT_EMIT_LOC_STRINGS = YES;
				SWIFT_VERSION = 5.0;
				TARGETED_DEVICE_FAMILY = "1,2";
			};
			name = Release;
		};
		E9E290D928523CD70092C7DD /* Debug */ = {
			isa = XCBuildConfiguration;
			buildSettings = {
				ALWAYS_EMBED_SWIFT_STANDARD_LIBRARIES = YES;
				BUNDLE_LOADER = "$(TEST_HOST)";
				CODE_SIGN_STYLE = Automatic;
				CURRENT_PROJECT_VERSION = 1;
				GENERATE_INFOPLIST_FILE = YES;
				IPHONEOS_DEPLOYMENT_TARGET = 15.4;
				MARKETING_VERSION = 1.0;
				PRODUCT_BUNDLE_IDENTIFIER = "epitech.FindRec-chloehineTests";
				PRODUCT_NAME = "$(TARGET_NAME)";
				SWIFT_EMIT_LOC_STRINGS = NO;
				SWIFT_VERSION = 5.0;
				TARGETED_DEVICE_FAMILY = "1,2";
				TEST_HOST = "$(BUILT_PRODUCTS_DIR)/FindRec-chloehine.app/FindRec-chloehine";
			};
			name = Debug;
		};
		E9E290DA28523CD70092C7DD /* Release */ = {
			isa = XCBuildConfiguration;
			buildSettings = {
				ALWAYS_EMBED_SWIFT_STANDARD_LIBRARIES = YES;
				BUNDLE_LOADER = "$(TEST_HOST)";
				CODE_SIGN_STYLE = Automatic;
				CURRENT_PROJECT_VERSION = 1;
				GENERATE_INFOPLIST_FILE = YES;
				IPHONEOS_DEPLOYMENT_TARGET = 15.4;
				MARKETING_VERSION = 1.0;
				PRODUCT_BUNDLE_IDENTIFIER = "epitech.FindRec-chloehineTests";
				PRODUCT_NAME = "$(TARGET_NAME)";
				SWIFT_EMIT_LOC_STRINGS = NO;
				SWIFT_VERSION = 5.0;
				TARGETED_DEVICE_FAMILY = "1,2";
				TEST_HOST = "$(BUILT_PRODUCTS_DIR)/FindRec-chloehine.app/FindRec-chloehine";
			};
			name = Release;
		};
		E9E290DC28523CD70092C7DD /* Debug */ = {
			isa = XCBuildConfiguration;
			buildSettings = {
				ALWAYS_EMBED_SWIFT_STANDARD_LIBRARIES = YES;
				CODE_SIGN_STYLE = Automatic;
				CURRENT_PROJECT_VERSION = 1;
				GENERATE_INFOPLIST_FILE = YES;
				MARKETING_VERSION = 1.0;
				PRODUCT_BUNDLE_IDENTIFIER = "epitech.FindRec-chloehineUITests";
				PRODUCT_NAME = "$(TARGET_NAME)";
				SWIFT_EMIT_LOC_STRINGS = NO;
				SWIFT_VERSION = 5.0;
				TARGETED_DEVICE_FAMILY = "1,2";
				TEST_TARGET_NAME = "FindRec-chloehine";
			};
			name = Debug;
		};
		E9E290DD28523CD70092C7DD /* Release */ = {
			isa = XCBuildConfiguration;
			buildSettings = {
				ALWAYS_EMBED_SWIFT_STANDARD_LIBRARIES = YES;
				CODE_SIGN_STYLE = Automatic;
				CURRENT_PROJECT_VERSION = 1;
				GENERATE_INFOPLIST_FILE = YES;
				MARKETING_VERSION = 1.0;
				PRODUCT_BUNDLE_IDENTIFIER = "epitech.FindRec-chloehineUITests";
				PRODUCT_NAME = "$(TARGET_NAME)";
				SWIFT_EMIT_LOC_STRINGS = NO;
				SWIFT_VERSION = 5.0;
				TARGETED_DEVICE_FAMILY = "1,2";
				TEST_TARGET_NAME = "FindRec-chloehine";
			};
			name = Release;
		};
/* End XCBuildConfiguration section */

/* Begin XCConfigurationList section */
		E9E290AC28523CD30092C7DD /* Build configuration list for PBXProject "FindRec-chloehine" */ = {
			isa = XCConfigurationList;
			buildConfigurations = (
				E9E290D328523CD70092C7DD /* Debug */,
				E9E290D428523CD70092C7DD /* Release */,
			);
			defaultConfigurationIsVisible = 0;
			defaultConfigurationName = Release;
		};
		E9E290D528523CD70092C7DD /* Build configuration list for PBXNativeTarget "FindRec-chloehine" */ = {
			isa = XCConfigurationList;
			buildConfigurations = (
				E9E290D628523CD70092C7DD /* Debug */,
				E9E290D728523CD70092C7DD /* Release */,
			);
			defaultConfigurationIsVisible = 0;
			defaultConfigurationName = Release;
		};
		E9E290D828523CD70092C7DD /* Build configuration list for PBXNativeTarget "FindRec-chloehineTests" */ = {
			isa = XCConfigurationList;
			buildConfigurations = (
				E9E290D928523CD70092C7DD /* Debug */,
				E9E290DA28523CD70092C7DD /* Release */,
			);
			defaultConfigurationIsVisible = 0;
			defaultConfigurationName = Release;
		};
		E9E290DB28523CD70092C7DD /* Build configuration list for PBXNativeTarget "FindRec-chloehineUITests" */ = {
			isa = XCConfigurationList;
			buildConfigurations = (
				E9E290DC28523CD70092C7DD /* Debug */,
				E9E290DD28523CD70092C7DD /* Release */,
			);
			defaultConfigurationIsVisible = 0;
			defaultConfigurationName = Release;
		};
/* End XCConfigurationList section */
	};
	rootObject = E9E290A928523CD30092C7DD /* Project object */;
}
